
Microsoft Visual Studio Solution File, Format Version 12.00
# Visual Studio Version 17
VisualStudioVersion = 17.2.32630.192
MinimumVisualStudioVersion = 10.0.40219.1
Project("{FAE04EC0-301F-11D3-BF4B-00C04F79EFBC}") = "SignalRChat", "SignalRChat.csproj", "{0DBC2CE2-CAF1-4C90-B439-AD17C4137B5B}"
EndProject
Global
	GlobalSection(SolutionConfigurationPlatforms) = preSolution
		Debug|Any CPU = Debug|Any CPU
		Release|Any CPU = Release|Any CPU
	EndGlobalSection
	GlobalSection(ProjectConfigurationPlatforms) = postSolution
		{0DBC2CE2-CAF1-4C90-B439-AD17C4137B5B}.Debug|Any CPU.ActiveCfg = Debug|Any CPU
		{0DBC2CE2-CAF1-4C90-B439-AD17C4137B5B}.Debug|Any CPU.Build.0 = Debug|Any CPU
		{0DBC2CE2-CAF1-4C90-B439-AD17C4137B5B}.Release|Any CPU.ActiveCfg = Release|Any CPU
		{0DBC2CE2-CAF1-4C90-B439-AD17C4137B5B}.Release|Any CPU.Build.0 = Release|Any CPU
	EndGlobalSection
	GlobalSection(SolutionProperties) = preSolution
		HideSolutionNode = FALSE
	EndGlobalSection
	GlobalSection(ExtensibilityGlobals) = postSolution
		SolutionGuid = {8AED90D5-876A-4634-BB39-236798081368}
	EndGlobalSection
EndGlobal
